
Microsoft Visual Studio Solution File, Format Version 12.00
# Visual Studio Version 17
VisualStudioVersion = 17.8.34316.72
MinimumVisualStudioVersion = 10.0.40219.1
Project("{9A19103F-16F7-4668-BE54-9A1E7A4F7556}") = "ItemStore.WebApi", "ItemStore.WebApi\ItemStore.WebApi.csproj", "{8C3B42C6-1103-4E64-9C34-28BFF24EAF66}"
EndProject
Project("{FAE04EC0-301F-11D3-BF4B-00C04F79EFBC}") = "ItemStore.UnitTests", "ItemStore.UnitTests\ItemStore.UnitTests.csproj", "{51E2F9A0-6014-4BFF-BF09-6389DE2F250E}"
EndProject
Global
	GlobalSection(SolutionConfigurationPlatforms) = preSolution
		Debug|Any CPU = Debug|Any CPU
		Release|Any CPU = Release|Any CPU
	EndGlobalSection
	GlobalSection(ProjectConfigurationPlatforms) = postSolution
		{8C3B42C6-1103-4E64-9C34-28BFF24EAF66}.Debug|Any CPU.ActiveCfg = Debug|Any CPU
		{8C3B42C6-1103-4E64-9C34-28BFF24EAF66}.Debug|Any CPU.Build.0 = Debug|Any CPU
		{8C3B42C6-1103-4E64-9C34-28BFF24EAF66}.Release|Any CPU.ActiveCfg = Release|Any CPU
		{8C3B42C6-1103-4E64-9C34-28BFF24EAF66}.Release|Any CPU.Build.0 = Release|Any CPU
		{51E2F9A0-6014-4BFF-BF09-6389DE2F250E}.Debug|Any CPU.ActiveCfg = Debug|Any CPU
		{51E2F9A0-6014-4BFF-BF09-6389DE2F250E}.Debug|Any CPU.Build.0 = Debug|Any CPU
		{51E2F9A0-6014-4BFF-BF09-6389DE2F250E}.Release|Any CPU.ActiveCfg = Release|Any CPU
		{51E2F9A0-6014-4BFF-BF09-6389DE2F250E}.Release|Any CPU.Build.0 = Release|Any CPU
	EndGlobalSection
	GlobalSection(SolutionProperties) = preSolution
		HideSolutionNode = FALSE
	EndGlobalSection
	GlobalSection(ExtensibilityGlobals) = postSolution
		SolutionGuid = {744F2F09-3E9E-4741-BA02-241A0AA83155}
	EndGlobalSection
EndGlobal
